
Microsoft Visual Studio Solution File, Format Version 12.00
# Visual Studio Version 17
VisualStudioVersion = 17.5.33414.496
MinimumVisualStudioVersion = 10.0.40219.1
Project("{FAE04EC0-301F-11D3-BF4B-00C04F79EFBC}") = "Csharp-task1", "Csharp-task1\Csharp-task1.csproj", "{3D01A2C6-23D6-4A06-A3CA-83D3FEE46C94}"
EndProject
Global
	GlobalSection(SolutionConfigurationPlatforms) = preSolution
		Debug|Any CPU = Debug|Any CPU
		Release|Any CPU = Release|Any CPU
	EndGlobalSection
	GlobalSection(ProjectConfigurationPlatforms) = postSolution
		{3D01A2C6-23D6-4A06-A3CA-83D3FEE46C94}.Debug|Any CPU.ActiveCfg = Debug|Any CPU
		{3D01A2C6-23D6-4A06-A3CA-83D3FEE46C94}.Debug|Any CPU.Build.0 = Debug|Any CPU
		{3D01A2C6-23D6-4A06-A3CA-83D3FEE46C94}.Release|Any CPU.ActiveCfg = Release|Any CPU
		{3D01A2C6-23D6-4A06-A3CA-83D3FEE46C94}.Release|Any CPU.Build.0 = Release|Any CPU
	EndGlobalSection
	GlobalSection(SolutionProperties) = preSolution
		HideSolutionNode = FALSE
	EndGlobalSection
	GlobalSection(ExtensibilityGlobals) = postSolution
		SolutionGuid = {80267EA9-E7FC-4428-A811-CBCDBFA0E67E}
	EndGlobalSection
EndGlobal
